{
  "projects": [
    {
      "projectId": "xrnfZjaPXk5S87V79z4Z3f",
      "version": "latest",
      "dependencies": {},
      "lang": "ts",
      "fileLocks": [
        {
          "type": "globalVariant",
          "assetId": "bTA7ZwcFHX8d",
          "checksum": "cd1353e56f3fbd178852bcc7771decaa"
        },
        {
          "type": "renderModule",
          "assetId": "Ym1zEpS-kVms",
          "checksum": "9b763790a867d6c3ac2c42a4d487b3c9"
        },
        {
          "type": "cssRules",
          "assetId": "Ym1zEpS-kVms",
          "checksum": "9b763790a867d6c3ac2c42a4d487b3c9"
        },
        {
          "type": "image",
          "assetId": "Ue5J40fEAx4u",
          "checksum": "e84d6740df776135e27fd4637dfa2810"
        },
        {
          "type": "image",
          "assetId": "H8elAgQGffWX",
          "checksum": "6205ad9786bba3ce4c89dec11712e3d8"
        },
        {
          "type": "image",
          "assetId": "nTVGufya82uo",
          "checksum": "803a846572184f380e77d6c7d3eb41b6"
        },
        {
          "type": "image",
          "assetId": "lBNfXKjo8LLm",
          "checksum": "c315ee92a059430aff13438b5ca0227e"
        },
        {
          "type": "image",
          "assetId": "4l5ob3sdiDFl",
          "checksum": "0abd283c2f525ed80cb3d7c9f6ce15e4"
        },
        {
          "type": "image",
          "assetId": "iZXk1MSaI_mz",
          "checksum": "a6c25bde5b1d1696d7f9cfd2d4d5bea8"
        },
        {
          "assetId": "xrnfZjaPXk5S87V79z4Z3f",
          "type": "projectCss",
          "checksum": "891c0159ede0763c33aec1667d400137"
        },
        {
          "type": "image",
          "assetId": "wGBnR2qsyF3b",
          "checksum": "04029f1f20646af32c779e429056b5c2"
        }
      ],
      "codegenVersion": "0.0.1"
    }
  ],
  "cliVersion": "0.1.331"
}
